<?xml version="1.0" encoding="utf-8"?>
<Project ToolsVersion="4.0" xmlns="http://schemas.microsoft.com/developer/msbuild/2003">
  <ItemGroup>
    <Filter Include="소스 파일">
      <UniqueIdentifier>{4FC737F1-C7A5-4376-A066-2A32D752A2FF}</UniqueIdentifier>
      <Extensions>cpp;c;cc;cxx;def;odl;idl;hpj;bat;asm;asmx</Extensions>
    </Filter>
    <Filter Include="헤더 파일">
      <UniqueIdentifier>{93995380-89BD-4b04-88EB-625FBE52EBFB}</UniqueIdentifier>
      <Extensions>h;hh;hpp;hxx;hm;inl;inc;ipp;xsd</Extensions>
    </Filter>
    <Filter Include="GameFramework2D">
      <UniqueIdentifier>{9fbd4086-f21e-4a3b-b3d1-8ac4c5f5fa1b}</UniqueIdentifier>
    </Filter>
    <Filter Include="GameFramework2D\매니져">
      <UniqueIdentifier>{5ce72af8-e27e-4d87-81a9-202553e2a4fc}</UniqueIdentifier>
    </Filter>
    <Filter Include="MainGame">
      <UniqueIdentifier>{0197a609-4f17-4b09-bb41-10cc33d95d87}</UniqueIdentifier>
    </Filter>
    <Filter Include="GameFramework2D\이미지">
      <UniqueIdentifier>{1851a966-ba68-4f2f-8ebc-640729b7e225}</UniqueIdentifier>
    </Filter>
    <Filter Include="MainGame\슈팅게임">
      <UniqueIdentifier>{8dedb022-032e-4e6d-955f-9603c8277adf}</UniqueIdentifier>
    </Filter>
    <Filter Include="GameFramework2D\총알">
      <UniqueIdentifier>{b9eb04df-28c2-4810-892e-c2bfca8911fd}</UniqueIdentifier>
    </Filter>
    <Filter Include="MainGame\픽셀충돌">
      <UniqueIdentifier>{999592ea-c38c-4f45-866d-bd0d1565c6b5}</UniqueIdentifier>
    </Filter>
    <Filter Include="GameFramework2D\체력바">
      <UniqueIdentifier>{12820852-848e-426e-b34d-d60a72e5a7af}</UniqueIdentifier>
    </Filter>
    <Filter Include="GameFramework2D\싱글톤데이터">
      <UniqueIdentifier>{0907fac4-7887-455d-8abc-2590cc570031}</UniqueIdentifier>
    </Filter>
    <Filter Include="GameFramework2D\TXT데이터">
      <UniqueIdentifier>{c7b77e10-66df-4946-85ec-070152a53f5e}</UniqueIdentifier>
    </Filter>
    <Filter Include="MainGame\씬테스트">
      <UniqueIdentifier>{45c4f48f-923d-4d05-a5a7-e33419d32657}</UniqueIdentifier>
    </Filter>
    <Filter Include="GameFramework2D\INI데이터">
      <UniqueIdentifier>{b269c6d2-905b-4bff-b4a2-7b39f1eb1954}</UniqueIdentifier>
    </Filter>
    <Filter Include="MainGame\INI테스트">
      <UniqueIdentifier>{7935044c-51b7-4b0c-9dd7-5a90f9b4bf88}</UniqueIdentifier>
    </Filter>
    <Filter Include="WinMain">
      <UniqueIdentifier>{4a79707c-1728-49f2-ba7d-dc17dad14387}</UniqueIdentifier>
    </Filter>
    <Filter Include="MainGame\로딩화면">
      <UniqueIdentifier>{545fe675-e606-4b0b-a4bd-5e4b21ac7ada}</UniqueIdentifier>
    </Filter>
    <Filter Include="GameFramework2D\로딩">
      <UniqueIdentifier>{fb808856-b378-426f-9374-63caea3bdcda}</UniqueIdentifier>
    </Filter>
    <Filter Include="MainGame\애니애니">
      <UniqueIdentifier>{7e50b688-be0e-4b49-bb49-fe389b57d428}</UniqueIdentifier>
    </Filter>
    <Filter Include="MainGame\소리재생">
      <UniqueIdentifier>{ec0359dd-5aee-47a7-adc7-c12395fd20f7}</UniqueIdentifier>
    </Filter>
    <Filter Include="GameFramework2D\애니메이션">
      <UniqueIdentifier>{41fc2961-d655-4f1e-a9b7-4a4926ad3980}</UniqueIdentifier>
    </Filter>
    <Filter Include="MainGame\이펙트임">
      <UniqueIdentifier>{7157ade0-aa15-4a12-9b9b-d55cf26ae6cb}</UniqueIdentifier>
    </Filter>
    <Filter Include="GameFramework2D\이펙트">
      <UniqueIdentifier>{71c9ef92-de11-4d77-a74a-2817260b208f}</UniqueIdentifier>
    </Filter>
    <Filter Include="MainGame\로테이트">
      <UniqueIdentifier>{78ec6bad-644d-4edb-a2bc-928cffc998ef}</UniqueIdentifier>
    </Filter>
    <Filter Include="MainGame\탱크탱크">
      <UniqueIdentifier>{f34fa699-ab0b-4fad-9413-5dada275ef80}</UniqueIdentifier>
    </Filter>
    <Filter Include="MainGame\플레이어">
      <UniqueIdentifier>{7f12b1a2-2250-43be-ba4c-060ec659bf06}</UniqueIdentifier>
    </Filter>
    <Filter Include="MainGame\탱크탱크\조조전">
      <UniqueIdentifier>{1552911d-2de7-49c8-ad43-be80f3935ed3}</UniqueIdentifier>
    </Filter>
    <Filter Include="GameFramework2D\애니메이션\유틸">
      <UniqueIdentifier>{0e047507-cff2-4a5e-8198-0c562e8e0211}</UniqueIdentifier>
    </Filter>
    <Filter Include="MainGame\탱크탱크\에이스타">
      <UniqueIdentifier>{87904a1c-9ce5-4357-ba20-078f243da9e2}</UniqueIdentifier>
    </Filter>
  </ItemGroup>
  <ItemGroup>
    <ClInclude Include="commonMacroFunction.h">
      <Filter>GameFramework2D\애니메이션\유틸</Filter>
    </ClInclude>
    <ClInclude Include="mainGame.h">
      <Filter>MainGame</Filter>
    </ClInclude>
    <ClInclude Include="singletonBase.h">
      <Filter>GameFramework2D\매니져</Filter>
    </ClInclude>
    <ClInclude Include="keyManager.h">
      <Filter>GameFramework2D\매니져</Filter>
    </ClInclude>
    <ClInclude Include="gameNode.h">
      <Filter>WinMain</Filter>
    </ClInclude>
    <ClInclude Include="stdafx.h">
      <Filter>WinMain</Filter>
    </ClInclude>
    <ClInclude Include="randomFunction.h">
      <Filter>GameFramework2D\애니메이션\유틸</Filter>
    </ClInclude>
    <ClInclude Include="image.h">
      <Filter>GameFramework2D\이미지</Filter>
    </ClInclude>
    <ClInclude Include="imageManager.h">
      <Filter>GameFramework2D\매니져</Filter>
    </ClInclude>
    <ClInclude Include="util.h">
      <Filter>GameFramework2D\애니메이션\유틸</Filter>
    </ClInclude>
    <ClInclude Include="player.h">
      <Filter>MainGame\슈팅게임</Filter>
    </ClInclude>
    <ClInclude Include="bullet.h">
      <Filter>GameFramework2D\총알</Filter>
    </ClInclude>
    <ClInclude Include="enemy.h">
      <Filter>MainGame\슈팅게임</Filter>
    </ClInclude>
    <ClInclude Include="minion.h">
      <Filter>MainGame\슈팅게임</Filter>
    </ClInclude>
    <ClInclude Include="enemyManager.h">
      <Filter>MainGame\슈팅게임</Filter>
    </ClInclude>
    <ClInclude Include="pixelCollision.h">
      <Filter>MainGame\픽셀충돌</Filter>
    </ClInclude>
    <ClInclude Include="progressBar.h">
      <Filter>GameFramework2D\체력바</Filter>
    </ClInclude>
    <ClInclude Include="saveData.h">
      <Filter>GameFramework2D\싱글톤데이터</Filter>
    </ClInclude>
    <ClInclude Include="txtData.h">
      <Filter>GameFramework2D\TXT데이터</Filter>
    </ClInclude>
    <ClInclude Include="sceneManager.h">
      <Filter>GameFramework2D\매니져</Filter>
    </ClInclude>
    <ClInclude Include="sceneTest.h">
      <Filter>MainGame\씬테스트</Filter>
    </ClInclude>
    <ClInclude Include="iniData.h">
      <Filter>GameFramework2D\INI데이터</Filter>
    </ClInclude>
    <ClInclude Include="iniTestScene.h">
      <Filter>MainGame\INI테스트</Filter>
    </ClInclude>
    <ClInclude Include="loadingScene.h">
      <Filter>MainGame\로딩화면</Filter>
    </ClInclude>
    <ClInclude Include="loading.h">
      <Filter>GameFramework2D\로딩</Filter>
    </ClInclude>
    <ClInclude Include="timeManager.h">
      <Filter>GameFramework2D\매니져</Filter>
    </ClInclude>
    <ClInclude Include="soundManager.h">
      <Filter>GameFramework2D\매니져</Filter>
    </ClInclude>
    <ClInclude Include="soundTestScene.h">
      <Filter>MainGame\소리재생</Filter>
    </ClInclude>
    <ClInclude Include="aniTestScene.h">
      <Filter>MainGame\애니애니</Filter>
    </ClInclude>
    <ClInclude Include="animation.h">
      <Filter>GameFramework2D\애니메이션</Filter>
    </ClInclude>
    <ClInclude Include="camel.h">
      <Filter>MainGame\애니애니</Filter>
    </ClInclude>
    <ClInclude Include="effectTestScene.h">
      <Filter>MainGame\이펙트임</Filter>
    </ClInclude>
    <ClInclude Include="effect.h">
      <Filter>GameFramework2D\이펙트</Filter>
    </ClInclude>
    <ClInclude Include="effectManager.h">
      <Filter>GameFramework2D\매니져</Filter>
    </ClInclude>
    <ClInclude Include="rotateTestScene.h">
      <Filter>MainGame\로테이트</Filter>
    </ClInclude>
    <ClInclude Include="tankGameScene.h">
      <Filter>MainGame\탱크탱크</Filter>
    </ClInclude>
    <ClInclude Include="tileNode.h">
      <Filter>MainGame\탱크탱크</Filter>
    </ClInclude>
    <ClInclude Include="tileMap.h">
      <Filter>MainGame\탱크탱크</Filter>
    </ClInclude>
    <ClInclude Include="cameraManager.h">
      <Filter>GameFramework2D\매니져</Filter>
    </ClInclude>
    <ClInclude Include="jojo.h">
      <Filter>MainGame\탱크탱크\조조전</Filter>
    </ClInclude>
    <ClInclude Include="jojoGameScene.h">
      <Filter>MainGame\탱크탱크\조조전</Filter>
    </ClInclude>
    <ClInclude Include="jojoMap.h">
      <Filter>MainGame\탱크탱크\조조전</Filter>
    </ClInclude>
    <ClInclude Include="heojeo.h">
      <Filter>MainGame\탱크탱크\조조전</Filter>
    </ClInclude>
    <ClInclude Include="aStar.h">
      <Filter>MainGame\탱크탱크\에이스타</Filter>
    </ClInclude>
    <ClInclude Include="aStarTile.h">
      <Filter>MainGame\탱크탱크\에이스타</Filter>
    </ClInclude>
  </ItemGroup>
  <ItemGroup>
    <ClCompile Include="stdafx.cpp">
      <Filter>WinMain</Filter>
    </ClCompile>
    <ClCompile Include="winMain.cpp">
      <Filter>WinMain</Filter>
    </ClCompile>
    <ClCompile Include="mainGame.cpp">
      <Filter>MainGame</Filter>
    </ClCompile>
    <ClCompile Include="keyManager.cpp">
      <Filter>GameFramework2D\매니져</Filter>
    </ClCompile>
    <ClCompile Include="gameNode.cpp">
      <Filter>WinMain</Filter>
    </ClCompile>
    <ClCompile Include="image.cpp">
      <Filter>GameFramework2D\이미지</Filter>
    </ClCompile>
    <ClCompile Include="imageManager.cpp">
      <Filter>GameFramework2D\매니져</Filter>
    </ClCompile>
    <ClCompile Include="util.cpp">
      <Filter>GameFramework2D\애니메이션\유틸</Filter>
    </ClCompile>
    <ClCompile Include="player.cpp">
      <Filter>MainGame\슈팅게임</Filter>
    </ClCompile>
    <ClCompile Include="bullet.cpp">
      <Filter>GameFramework2D\총알</Filter>
    </ClCompile>
    <ClCompile Include="enemy.cpp">
      <Filter>MainGame\슈팅게임</Filter>
    </ClCompile>
    <ClCompile Include="minion.cpp">
      <Filter>MainGame\슈팅게임</Filter>
    </ClCompile>
    <ClCompile Include="enemyManager.cpp">
      <Filter>MainGame\슈팅게임</Filter>
    </ClCompile>
    <ClCompile Include="pixelCollision.cpp">
      <Filter>MainGame\픽셀충돌</Filter>
    </ClCompile>
    <ClCompile Include="progressBar.cpp">
      <Filter>GameFramework2D\체력바</Filter>
    </ClCompile>
    <ClCompile Include="saveData.cpp">
      <Filter>GameFramework2D\싱글톤데이터</Filter>
    </ClCompile>
    <ClCompile Include="txtData.cpp">
      <Filter>GameFramework2D\TXT데이터</Filter>
    </ClCompile>
    <ClCompile Include="sceneManager.cpp">
      <Filter>GameFramework2D\매니져</Filter>
    </ClCompile>
    <ClCompile Include="sceneTest.cpp">
      <Filter>MainGame\씬테스트</Filter>
    </ClCompile>
    <ClCompile Include="iniData.cpp">
      <Filter>GameFramework2D\INI데이터</Filter>
    </ClCompile>
    <ClCompile Include="iniTestScene.cpp">
      <Filter>MainGame\INI테스트</Filter>
    </ClCompile>
    <ClCompile Include="loadingScene.cpp">
      <Filter>MainGame\로딩화면</Filter>
    </ClCompile>
    <ClCompile Include="loading.cpp">
      <Filter>GameFramework2D\로딩</Filter>
    </ClCompile>
    <ClCompile Include="timeManager.cpp">
      <Filter>GameFramework2D\매니져</Filter>
    </ClCompile>
    <ClCompile Include="soundManager.cpp">
      <Filter>GameFramework2D\매니져</Filter>
    </ClCompile>
    <ClCompile Include="soundTestScene.cpp">
      <Filter>MainGame\소리재생</Filter>
    </ClCompile>
    <ClCompile Include="aniTestScene.cpp">
      <Filter>MainGame\애니애니</Filter>
    </ClCompile>
    <ClCompile Include="animation.cpp">
      <Filter>GameFramework2D\애니메이션</Filter>
    </ClCompile>
    <ClCompile Include="camel.cpp">
      <Filter>MainGame\애니애니</Filter>
    </ClCompile>
    <ClCompile Include="effectTestScene.cpp">
      <Filter>MainGame\이펙트임</Filter>
    </ClCompile>
    <ClCompile Include="effect.cpp">
      <Filter>GameFramework2D\이펙트</Filter>
    </ClCompile>
    <ClCompile Include="effectManager.cpp">
      <Filter>GameFramework2D\매니져</Filter>
    </ClCompile>
    <ClCompile Include="rotateTestScene.cpp">
      <Filter>MainGame\로테이트</Filter>
    </ClCompile>
    <ClCompile Include="tankGameScene.cpp">
      <Filter>MainGame\탱크탱크</Filter>
    </ClCompile>
    <ClCompile Include="tileMap.cpp">
      <Filter>MainGame\탱크탱크</Filter>
    </ClCompile>
    <ClCompile Include="cameraManager.cpp">
      <Filter>GameFramework2D\매니져</Filter>
    </ClCompile>
    <ClCompile Include="jojo.cpp">
      <Filter>MainGame\탱크탱크\조조전</Filter>
    </ClCompile>
    <ClCompile Include="jojoGameScene.cpp">
      <Filter>MainGame\탱크탱크\조조전</Filter>
    </ClCompile>
    <ClCompile Include="jojoMap.cpp">
      <Filter>MainGame\탱크탱크\조조전</Filter>
    </ClCompile>
    <ClCompile Include="heojeo.cpp">
      <Filter>MainGame\탱크탱크\조조전</Filter>
    </ClCompile>
    <ClCompile Include="aStar.cpp">
      <Filter>MainGame\탱크탱크\에이스타</Filter>
    </ClCompile>
    <ClCompile Include="aStarTile.cpp">
      <Filter>MainGame\탱크탱크\에이스타</Filter>
    </ClCompile>
  </ItemGroup>
</Project>